// !$*UTF8*$!
{
	archiveVersion = 1;
	classes = {
	};
	objectVersion = 50;
	objects = {

/* Begin PBXBuildFile section */
		200BDBE6264A6C5300CABD52 /* AppDelegate.swift in Sources */ = {isa = PBXBuildFile; fileRef = 200BDBE5264A6C5300CABD52 /* AppDelegate.swift */; };
		200BDBE8264A6C5300CABD52 /* SceneDelegate.swift in Sources */ = {isa = PBXBuildFile; fileRef = 200BDBE7264A6C5300CABD52 /* SceneDelegate.swift */; };
		200BDBEA264A6C5300CABD52 /* AuthViewController.swift in Sources */ = {isa = PBXBuildFile; fileRef = 200BDBE9264A6C5300CABD52 /* AuthViewController.swift */; };
		200BDBEF264A6C5300CABD52 /* Assets.xcassets in Resources */ = {isa = PBXBuildFile; fileRef = 200BDBEE264A6C5300CABD52 /* Assets.xcassets */; };
		200BDBF2264A6C5300CABD52 /* LaunchScreen.storyboard in Resources */ = {isa = PBXBuildFile; fileRef = 200BDBF0264A6C5300CABD52 /* LaunchScreen.storyboard */; };
		200BDBFE264A7F9700CABD52 /* UIButton+ext.swift in Sources */ = {isa = PBXBuildFile; fileRef = 200BDBFD264A7F9700CABD52 /* UIButton+ext.swift */; };
		200BDC01264A827600CABD52 /* UIFont+ext.swift in Sources */ = {isa = PBXBuildFile; fileRef = 200BDC00264A827600CABD52 /* UIFont+ext.swift */; };
		200BDC04264A874000CABD52 /* UIColor+ext.swift in Sources */ = {isa = PBXBuildFile; fileRef = 200BDC03264A874000CABD52 /* UIColor+ext.swift */; };
		200BDC08264A8BB000CABD52 /* Label+ext.swift in Sources */ = {isa = PBXBuildFile; fileRef = 200BDC07264A8BB000CABD52 /* Label+ext.swift */; };
		200BDC0B264A8CCA00CABD52 /* UIImageView+ext.swift in Sources */ = {isa = PBXBuildFile; fileRef = 200BDC0A264A8CCA00CABD52 /* UIImageView+ext.swift */; };
		200BDC11264A90EE00CABD52 /* ButtonFromView.swift in Sources */ = {isa = PBXBuildFile; fileRef = 200BDC10264A90EE00CABD52 /* ButtonFromView.swift */; };
		200BDC14264A99EF00CABD52 /* StackView+ext.swift in Sources */ = {isa = PBXBuildFile; fileRef = 200BDC13264A99EF00CABD52 /* StackView+ext.swift */; };
		200BDC18264A9D3F00CABD52 /* SignUpViewController.swift in Sources */ = {isa = PBXBuildFile; fileRef = 200BDC17264A9D3F00CABD52 /* SignUpViewController.swift */; };
		200BDC1B264AA84300CABD52 /* OneLineTextField.swift in Sources */ = {isa = PBXBuildFile; fileRef = 200BDC1A264AA84300CABD52 /* OneLineTextField.swift */; };
		200BDC1F264ABA2200CABD52 /* LoginViewController.swift in Sources */ = {isa = PBXBuildFile; fileRef = 200BDC1E264ABA2200CABD52 /* LoginViewController.swift */; };
		2022D278264BFD0E00857591 /* activeChats.json in Resources */ = {isa = PBXBuildFile; fileRef = 2022D277264BFD0D00857591 /* activeChats.json */; };
		2022D27B264BFD1800857591 /* waitingChats.json in Resources */ = {isa = PBXBuildFile; fileRef = 2022D27A264BFD1800857591 /* waitingChats.json */; };
		2022D27E264BFD3800857591 /* Bundle-Decodable.swift in Sources */ = {isa = PBXBuildFile; fileRef = 2022D27D264BFD3800857591 /* Bundle-Decodable.swift */; };
		2022D282264EA42100857591 /* ActiveChatCell.swift in Sources */ = {isa = PBXBuildFile; fileRef = 2022D281264EA42100857591 /* ActiveChatCell.swift */; };
		2022D2862653FA6800857591 /* GradientView.swift in Sources */ = {isa = PBXBuildFile; fileRef = 2022D2852653FA6800857591 /* GradientView.swift */; };
		2052FB552654074400DBCA20 /* WaitingChatCell.swift in Sources */ = {isa = PBXBuildFile; fileRef = 2052FB542654074400DBCA20 /* WaitingChatCell.swift */; };
		2052FB5826540A1E00DBCA20 /* SelfConfiguringCell.swift in Sources */ = {isa = PBXBuildFile; fileRef = 2052FB5726540A1E00DBCA20 /* SelfConfiguringCell.swift */; };
		2052FB5D2654102500DBCA20 /* SectionHeader.swift in Sources */ = {isa = PBXBuildFile; fileRef = 2052FB5C2654102500DBCA20 /* SectionHeader.swift */; };
		2052FB6026541C2D00DBCA20 /* users.json in Resources */ = {isa = PBXBuildFile; fileRef = 2052FB5F26541C2D00DBCA20 /* users.json */; };
		2052FB6326541CB300DBCA20 /* MUser.swift in Sources */ = {isa = PBXBuildFile; fileRef = 2052FB6226541CB300DBCA20 /* MUser.swift */; };
		2052FB6626541DD900DBCA20 /* MChat.swift in Sources */ = {isa = PBXBuildFile; fileRef = 2052FB6526541DD900DBCA20 /* MChat.swift */; };
		2052FB6C2655176700DBCA20 /* UserCell.swift in Sources */ = {isa = PBXBuildFile; fileRef = 2052FB6B2655176700DBCA20 /* UserCell.swift */; };
		2052FB6F2655261400DBCA20 /* UIViewController.swift in Sources */ = {isa = PBXBuildFile; fileRef = 2052FB6E2655261400DBCA20 /* UIViewController.swift */; };
		2090B9ED26558CE900D9FF50 /* ProfileViewController.swift in Sources */ = {isa = PBXBuildFile; fileRef = 2090B9EC26558CE900D9FF50 /* ProfileViewController.swift */; };
		20CA2F89264AC78D00D29A22 /* SetupProfileViewController.swift in Sources */ = {isa = PBXBuildFile; fileRef = 20CA2F88264AC78D00D29A22 /* SetupProfileViewController.swift */; };
		20CA2F8C264ACAF800D29A22 /* AddPhotoView.swift in Sources */ = {isa = PBXBuildFile; fileRef = 20CA2F8B264ACAF800D29A22 /* AddPhotoView.swift */; };
		20CA2F90264BBFB000D29A22 /* SegmentedControll+ext.swift in Sources */ = {isa = PBXBuildFile; fileRef = 20CA2F8F264BBFB000D29A22 /* SegmentedControll+ext.swift */; };
		20CA2F94264BC78C00D29A22 /* ListViewController.swift in Sources */ = {isa = PBXBuildFile; fileRef = 20CA2F93264BC78C00D29A22 /* ListViewController.swift */; };
		20CA2F9D264BCB4D00D29A22 /* MainTabBarController.swift in Sources */ = {isa = PBXBuildFile; fileRef = 20CA2F9C264BCB4D00D29A22 /* MainTabBarController.swift */; };
		20CA2FA1264BCBC300D29A22 /* PeopleViewController.swift in Sources */ = {isa = PBXBuildFile; fileRef = 20CA2FA0264BCBC300D29A22 /* PeopleViewController.swift */; };
/* End PBXBuildFile section */

/* Begin PBXFileReference section */
		200BDBE2264A6C5300CABD52 /* Chat.app */ = {isa = PBXFileReference; explicitFileType = wrapper.application; includeInIndex = 0; path = Chat.app; sourceTree = BUILT_PRODUCTS_DIR; };
		200BDBE5264A6C5300CABD52 /* AppDelegate.swift */ = {isa = PBXFileReference; lastKnownFileType = sourcecode.swift; path = AppDelegate.swift; sourceTree = "<group>"; };
		200BDBE7264A6C5300CABD52 /* SceneDelegate.swift */ = {isa = PBXFileReference; lastKnownFileType = sourcecode.swift; path = SceneDelegate.swift; sourceTree = "<group>"; };
		200BDBE9264A6C5300CABD52 /* AuthViewController.swift */ = {isa = PBXFileReference; lastKnownFileType = sourcecode.swift; path = AuthViewController.swift; sourceTree = "<group>"; };
		200BDBEE264A6C5300CABD52 /* Assets.xcassets */ = {isa = PBXFileReference; lastKnownFileType = folder.assetcatalog; path = Assets.xcassets; sourceTree = "<group>"; };
		200BDBF1264A6C5300CABD52 /* Base */ = {isa = PBXFileReference; lastKnownFileType = file.storyboard; name = Base; path = Base.lproj/LaunchScreen.storyboard; sourceTree = "<group>"; };
		200BDBF3264A6C5300CABD52 /* Info.plist */ = {isa = PBXFileReference; lastKnownFileType = text.plist.xml; path = Info.plist; sourceTree = "<group>"; };
		200BDBFD264A7F9700CABD52 /* UIButton+ext.swift */ = {isa = PBXFileReference; lastKnownFileType = sourcecode.swift; path = "UIButton+ext.swift"; sourceTree = "<group>"; };
		200BDC00264A827600CABD52 /* UIFont+ext.swift */ = {isa = PBXFileReference; lastKnownFileType = sourcecode.swift; path = "UIFont+ext.swift"; sourceTree = "<group>"; };
		200BDC03264A874000CABD52 /* UIColor+ext.swift */ = {isa = PBXFileReference; lastKnownFileType = sourcecode.swift; lineEnding = 0; path = "UIColor+ext.swift"; sourceTree = "<group>"; usesTabs = 0; };
		200BDC07264A8BB000CABD52 /* Label+ext.swift */ = {isa = PBXFileReference; lastKnownFileType = sourcecode.swift; path = "Label+ext.swift"; sourceTree = "<group>"; };
		200BDC0A264A8CCA00CABD52 /* UIImageView+ext.swift */ = {isa = PBXFileReference; lastKnownFileType = sourcecode.swift; path = "UIImageView+ext.swift"; sourceTree = "<group>"; };
		200BDC10264A90EE00CABD52 /* ButtonFromView.swift */ = {isa = PBXFileReference; lastKnownFileType = sourcecode.swift; path = ButtonFromView.swift; sourceTree = "<group>"; };
		200BDC13264A99EF00CABD52 /* StackView+ext.swift */ = {isa = PBXFileReference; lastKnownFileType = sourcecode.swift; path = "StackView+ext.swift"; sourceTree = "<group>"; };
		200BDC17264A9D3F00CABD52 /* SignUpViewController.swift */ = {isa = PBXFileReference; lastKnownFileType = sourcecode.swift; path = SignUpViewController.swift; sourceTree = "<group>"; };
		200BDC1A264AA84300CABD52 /* OneLineTextField.swift */ = {isa = PBXFileReference; lastKnownFileType = sourcecode.swift; path = OneLineTextField.swift; sourceTree = "<group>"; };
		200BDC1E264ABA2200CABD52 /* LoginViewController.swift */ = {isa = PBXFileReference; lastKnownFileType = sourcecode.swift; path = LoginViewController.swift; sourceTree = "<group>"; };
		2022D277264BFD0D00857591 /* activeChats.json */ = {isa = PBXFileReference; fileEncoding = 4; lastKnownFileType = text.json; path = activeChats.json; sourceTree = "<group>"; };
		2022D27A264BFD1800857591 /* waitingChats.json */ = {isa = PBXFileReference; fileEncoding = 4; lastKnownFileType = text.json; path = waitingChats.json; sourceTree = "<group>"; };
		2022D27D264BFD3800857591 /* Bundle-Decodable.swift */ = {isa = PBXFileReference; lastKnownFileType = sourcecode.swift; path = "Bundle-Decodable.swift"; sourceTree = "<group>"; };
		2022D281264EA42100857591 /* ActiveChatCell.swift */ = {isa = PBXFileReference; lastKnownFileType = sourcecode.swift; path = ActiveChatCell.swift; sourceTree = "<group>"; };
		2022D2852653FA6800857591 /* GradientView.swift */ = {isa = PBXFileReference; lastKnownFileType = sourcecode.swift; path = GradientView.swift; sourceTree = "<group>"; };
		2052FB542654074400DBCA20 /* WaitingChatCell.swift */ = {isa = PBXFileReference; lastKnownFileType = sourcecode.swift; path = WaitingChatCell.swift; sourceTree = "<group>"; };
		2052FB5726540A1E00DBCA20 /* SelfConfiguringCell.swift */ = {isa = PBXFileReference; lastKnownFileType = sourcecode.swift; path = SelfConfiguringCell.swift; sourceTree = "<group>"; };
		2052FB5C2654102500DBCA20 /* SectionHeader.swift */ = {isa = PBXFileReference; lastKnownFileType = sourcecode.swift; path = SectionHeader.swift; sourceTree = "<group>"; };
		2052FB5F26541C2D00DBCA20 /* users.json */ = {isa = PBXFileReference; fileEncoding = 4; lastKnownFileType = text.json; path = users.json; sourceTree = "<group>"; };
		2052FB6226541CB300DBCA20 /* MUser.swift */ = {isa = PBXFileReference; lastKnownFileType = sourcecode.swift; path = MUser.swift; sourceTree = "<group>"; };
		2052FB6526541DD900DBCA20 /* MChat.swift */ = {isa = PBXFileReference; lastKnownFileType = sourcecode.swift; path = MChat.swift; sourceTree = "<group>"; };
		2052FB6B2655176700DBCA20 /* UserCell.swift */ = {isa = PBXFileReference; lastKnownFileType = sourcecode.swift; path = UserCell.swift; sourceTree = "<group>"; };
		2052FB6E2655261400DBCA20 /* UIViewController.swift */ = {isa = PBXFileReference; lastKnownFileType = sourcecode.swift; path = UIViewController.swift; sourceTree = "<group>"; };
		2090B9EC26558CE900D9FF50 /* ProfileViewController.swift */ = {isa = PBXFileReference; lastKnownFileType = sourcecode.swift; path = ProfileViewController.swift; sourceTree = "<group>"; };
		20CA2F88264AC78D00D29A22 /* SetupProfileViewController.swift */ = {isa = PBXFileReference; lastKnownFileType = sourcecode.swift; path = SetupProfileViewController.swift; sourceTree = "<group>"; };
		20CA2F8B264ACAF800D29A22 /* AddPhotoView.swift */ = {isa = PBXFileReference; lastKnownFileType = sourcecode.swift; path = AddPhotoView.swift; sourceTree = "<group>"; };
		20CA2F8F264BBFB000D29A22 /* SegmentedControll+ext.swift */ = {isa = PBXFileReference; lastKnownFileType = sourcecode.swift; path = "SegmentedControll+ext.swift"; sourceTree = "<group>"; };
		20CA2F93264BC78C00D29A22 /* ListViewController.swift */ = {isa = PBXFileReference; lastKnownFileType = sourcecode.swift; path = ListViewController.swift; sourceTree = "<group>"; };
		20CA2F9C264BCB4D00D29A22 /* MainTabBarController.swift */ = {isa = PBXFileReference; lastKnownFileType = sourcecode.swift; path = MainTabBarController.swift; sourceTree = "<group>"; };
		20CA2FA0264BCBC300D29A22 /* PeopleViewController.swift */ = {isa = PBXFileReference; lastKnownFileType = sourcecode.swift; path = PeopleViewController.swift; sourceTree = "<group>"; };
/* End PBXFileReference section */

/* Begin PBXFrameworksBuildPhase section */
		200BDBDF264A6C5300CABD52 /* Frameworks */ = {
			isa = PBXFrameworksBuildPhase;
			buildActionMask = 2147483647;
			files = (
			);
			runOnlyForDeploymentPostprocessing = 0;
		};
/* End PBXFrameworksBuildPhase section */

/* Begin PBXGroup section */
		200BDBD9264A6C5300CABD52 = {
			isa = PBXGroup;
			children = (
				200BDBE4264A6C5300CABD52 /* Chat */,
				200BDBE3264A6C5300CABD52 /* Products */,
			);
			sourceTree = "<group>";
		};
		200BDBE3264A6C5300CABD52 /* Products */ = {
			isa = PBXGroup;
			children = (
				200BDBE2264A6C5300CABD52 /* Chat.app */,
			);
			name = Products;
			sourceTree = "<group>";
		};
		200BDBE4264A6C5300CABD52 /* Chat */ = {
			isa = PBXGroup;
			children = (
				2052FB6826542F2900DBCA20 /* Model */,
				20CA2F9B264BCB0600D29A22 /* Controllers */,
				20CA2F98264BCAC800D29A22 /* SignIn&Auth */,
				200BDC0E264A8DFD00CABD52 /* Extantion */,
				200BDBE5264A6C5300CABD52 /* AppDelegate.swift */,
				200BDBE7264A6C5300CABD52 /* SceneDelegate.swift */,
				2052FB5A26540A4000DBCA20 /* Protocol */,
				200BDBEE264A6C5300CABD52 /* Assets.xcassets */,
				200BDBF0264A6C5300CABD52 /* LaunchScreen.storyboard */,
				200BDBF3264A6C5300CABD52 /* Info.plist */,
			);
			path = Chat;
			sourceTree = "<group>";
		};
		200BDC0D264A8DF300CABD52 /* UIKit */ = {
			isa = PBXGroup;
			children = (
				200BDBFD264A7F9700CABD52 /* UIButton+ext.swift */,
				200BDC07264A8BB000CABD52 /* Label+ext.swift */,
				200BDC0A264A8CCA00CABD52 /* UIImageView+ext.swift */,
				200BDC03264A874000CABD52 /* UIColor+ext.swift */,
				200BDC00264A827600CABD52 /* UIFont+ext.swift */,
				200BDC13264A99EF00CABD52 /* StackView+ext.swift */,
				20CA2F8F264BBFB000D29A22 /* SegmentedControll+ext.swift */,
				2022D277264BFD0D00857591 /* activeChats.json */,
				2052FB5F26541C2D00DBCA20 /* users.json */,
				2022D27A264BFD1800857591 /* waitingChats.json */,
				2052FB6E2655261400DBCA20 /* UIViewController.swift */,
			);
			path = UIKit;
			sourceTree = "<group>";
		};
		200BDC0E264A8DFD00CABD52 /* Extantion */ = {
			isa = PBXGroup;
			children = (
				200BDC10264A90EE00CABD52 /* ButtonFromView.swift */,
				200BDC1A264AA84300CABD52 /* OneLineTextField.swift */,
				20CA2F8B264ACAF800D29A22 /* AddPhotoView.swift */,
				2022D2852653FA6800857591 /* GradientView.swift */,
				2022D27D264BFD3800857591 /* Bundle-Decodable.swift */,
				200BDC0D264A8DF300CABD52 /* UIKit */,
			);
			path = Extantion;
			sourceTree = "<group>";
		};
		2022D280264EA40000857591 /* Cell */ = {
			isa = PBXGroup;
			children = (
				2022D281264EA42100857591 /* ActiveChatCell.swift */,
				2052FB542654074400DBCA20 /* WaitingChatCell.swift */,
				2052FB6B2655176700DBCA20 /* UserCell.swift */,
			);
			path = Cell;
			sourceTree = "<group>";
		};
		2052FB5A26540A4000DBCA20 /* Protocol */ = {
			isa = PBXGroup;
			children = (
				2052FB5726540A1E00DBCA20 /* SelfConfiguringCell.swift */,
			);
			path = Protocol;
			sourceTree = "<group>";
		};
		2052FB6826542F2900DBCA20 /* Model */ = {
			isa = PBXGroup;
			children = (
				2052FB6226541CB300DBCA20 /* MUser.swift */,
				2052FB6526541DD900DBCA20 /* MChat.swift */,
			);
			path = Model;
			sourceTree = "<group>";
		};
		20CA2F98264BCAC800D29A22 /* SignIn&Auth */ = {
			isa = PBXGroup;
			children = (
				200BDBE9264A6C5300CABD52 /* AuthViewController.swift */,
				200BDC17264A9D3F00CABD52 /* SignUpViewController.swift */,
				200BDC1E264ABA2200CABD52 /* LoginViewController.swift */,
				20CA2F88264AC78D00D29A22 /* SetupProfileViewController.swift */,
			);
			path = "SignIn&Auth";
			sourceTree = "<group>";
		};
		20CA2F9B264BCB0600D29A22 /* Controllers */ = {
			isa = PBXGroup;
			children = (
				2022D280264EA40000857591 /* Cell */,
				20CA2F9C264BCB4D00D29A22 /* MainTabBarController.swift */,
				20CA2F93264BC78C00D29A22 /* ListViewController.swift */,
				2052FB5C2654102500DBCA20 /* SectionHeader.swift */,
				20CA2FA0264BCBC300D29A22 /* PeopleViewController.swift */,
				2090B9EC26558CE900D9FF50 /* ProfileViewController.swift */,
			);
			path = Controllers;
			sourceTree = "<group>";
		};
/* End PBXGroup section */

/* Begin PBXNativeTarget section */
		200BDBE1264A6C5300CABD52 /* Chat */ = {
			isa = PBXNativeTarget;
			buildConfigurationList = 200BDBF6264A6C5300CABD52 /* Build configuration list for PBXNativeTarget "Chat" */;
			buildPhases = (
				200BDBDE264A6C5300CABD52 /* Sources */,
				200BDBDF264A6C5300CABD52 /* Frameworks */,
				200BDBE0264A6C5300CABD52 /* Resources */,
			);
			buildRules = (
			);
			dependencies = (
			);
			name = Chat;
			productName = Chat;
			productReference = 200BDBE2264A6C5300CABD52 /* Chat.app */;
			productType = "com.apple.product-type.application";
		};
/* End PBXNativeTarget section */

/* Begin PBXProject section */
		200BDBDA264A6C5300CABD52 /* Project object */ = {
			isa = PBXProject;
			attributes = {
				LastSwiftUpdateCheck = 1240;
				LastUpgradeCheck = 1240;
				TargetAttributes = {
					200BDBE1264A6C5300CABD52 = {
						CreatedOnToolsVersion = 12.4;
					};
				};
			};
			buildConfigurationList = 200BDBDD264A6C5300CABD52 /* Build configuration list for PBXProject "Chat" */;
			compatibilityVersion = "Xcode 9.3";
			developmentRegion = en;
			hasScannedForEncodings = 0;
			knownRegions = (
				en,
				Base,
			);
			mainGroup = 200BDBD9264A6C5300CABD52;
			productRefGroup = 200BDBE3264A6C5300CABD52 /* Products */;
			projectDirPath = "";
			projectRoot = "";
			targets = (
				200BDBE1264A6C5300CABD52 /* Chat */,
			);
		};
/* End PBXProject section */

/* Begin PBXResourcesBuildPhase section */
		200BDBE0264A6C5300CABD52 /* Resources */ = {
			isa = PBXResourcesBuildPhase;
			buildActionMask = 2147483647;
			files = (
				2052FB6026541C2D00DBCA20 /* users.json in Resources */,
				200BDBF2264A6C5300CABD52 /* LaunchScreen.storyboard in Resources */,
				2022D278264BFD0E00857591 /* activeChats.json in Resources */,
				200BDBEF264A6C5300CABD52 /* Assets.xcassets in Resources */,
				2022D27B264BFD1800857591 /* waitingChats.json in Resources */,
			);
			runOnlyForDeploymentPostprocessing = 0;
		};
/* End PBXResourcesBuildPhase section */

/* Begin PBXSourcesBuildPhase section */
		200BDBDE264A6C5300CABD52 /* Sources */ = {
			isa = PBXSourcesBuildPhase;
			buildActionMask = 2147483647;
			files = (
				2052FB6626541DD900DBCA20 /* MChat.swift in Sources */,
				20CA2F94264BC78C00D29A22 /* ListViewController.swift in Sources */,
				200BDC1B264AA84300CABD52 /* OneLineTextField.swift in Sources */,
				2052FB5D2654102500DBCA20 /* SectionHeader.swift in Sources */,
				2022D2862653FA6800857591 /* GradientView.swift in Sources */,
				20CA2F9D264BCB4D00D29A22 /* MainTabBarController.swift in Sources */,
				200BDC18264A9D3F00CABD52 /* SignUpViewController.swift in Sources */,
				2052FB6F2655261400DBCA20 /* UIViewController.swift in Sources */,
				2052FB6326541CB300DBCA20 /* MUser.swift in Sources */,
				2022D282264EA42100857591 /* ActiveChatCell.swift in Sources */,
				200BDC0B264A8CCA00CABD52 /* UIImageView+ext.swift in Sources */,
				20CA2FA1264BCBC300D29A22 /* PeopleViewController.swift in Sources */,
				2090B9ED26558CE900D9FF50 /* ProfileViewController.swift in Sources */,
				200BDBEA264A6C5300CABD52 /* AuthViewController.swift in Sources */,
				2022D27E264BFD3800857591 /* Bundle-Decodable.swift in Sources */,
				20CA2F89264AC78D00D29A22 /* SetupProfileViewController.swift in Sources */,
				200BDC01264A827600CABD52 /* UIFont+ext.swift in Sources */,
				200BDBE6264A6C5300CABD52 /* AppDelegate.swift in Sources */,
				20CA2F8C264ACAF800D29A22 /* AddPhotoView.swift in Sources */,
				200BDC11264A90EE00CABD52 /* ButtonFromView.swift in Sources */,
				200BDBE8264A6C5300CABD52 /* SceneDelegate.swift in Sources */,
				200BDBFE264A7F9700CABD52 /* UIButton+ext.swift in Sources */,
				2052FB6C2655176700DBCA20 /* UserCell.swift in Sources */,
				2052FB5826540A1E00DBCA20 /* SelfConfiguringCell.swift in Sources */,
				2052FB552654074400DBCA20 /* WaitingChatCell.swift in Sources */,
				20CA2F90264BBFB000D29A22 /* SegmentedControll+ext.swift in Sources */,
				200BDC14264A99EF00CABD52 /* StackView+ext.swift in Sources */,
				200BDC08264A8BB000CABD52 /* Label+ext.swift in Sources */,
				200BDC1F264ABA2200CABD52 /* LoginViewController.swift in Sources */,
				200BDC04264A874000CABD52 /* UIColor+ext.swift in Sources */,
			);
			runOnlyForDeploymentPostprocessing = 0;
		};
/* End PBXSourcesBuildPhase section */

/* Begin PBXVariantGroup section */
		200BDBF0264A6C5300CABD52 /* LaunchScreen.storyboard */ = {
			isa = PBXVariantGroup;
			children = (
				200BDBF1264A6C5300CABD52 /* Base */,
			);
			name = LaunchScreen.storyboard;
			sourceTree = "<group>";
		};
/* End PBXVariantGroup section */

/* Begin XCBuildConfiguration section */
		200BDBF4264A6C5300CABD52 /* Debug */ = {
			isa = XCBuildConfiguration;
			buildSettings = {
				ALWAYS_SEARCH_USER_PATHS = NO;
				CLANG_ANALYZER_NONNULL = YES;
				CLANG_ANALYZER_NUMBER_OBJECT_CONVERSION = YES_AGGRESSIVE;
				CLANG_CXX_LANGUAGE_STANDARD = "gnu++14";
				CLANG_CXX_LIBRARY = "libc++";
				CLANG_ENABLE_MODULES = YES;
				CLANG_ENABLE_OBJC_ARC = YES;
				CLANG_ENABLE_OBJC_WEAK = YES;
				CLANG_WARN_BLOCK_CAPTURE_AUTORELEASING = YES;
				CLANG_WARN_BOOL_CONVERSION = YES;
				CLANG_WARN_COMMA = YES;
				CLANG_WARN_CONSTANT_CONVERSION = YES;
				CLANG_WARN_DEPRECATED_OBJC_IMPLEMENTATIONS = YES;
				CLANG_WARN_DIRECT_OBJC_ISA_USAGE = YES_ERROR;
				CLANG_WARN_DOCUMENTATION_COMMENTS = YES;
				CLANG_WARN_EMPTY_BODY = YES;
				CLANG_WARN_ENUM_CONVERSION = YES;
				CLANG_WARN_INFINITE_RECURSION = YES;
				CLANG_WARN_INT_CONVERSION = YES;
				CLANG_WARN_NON_LITERAL_NULL_CONVERSION = YES;
				CLANG_WARN_OBJC_IMPLICIT_RETAIN_SELF = YES;
				CLANG_WARN_OBJC_LITERAL_CONVERSION = YES;
				CLANG_WARN_OBJC_ROOT_CLASS = YES_ERROR;
				CLANG_WARN_QUOTED_INCLUDE_IN_FRAMEWORK_HEADER = YES;
				CLANG_WARN_RANGE_LOOP_ANALYSIS = YES;
				CLANG_WARN_STRICT_PROTOTYPES = YES;
				CLANG_WARN_SUSPICIOUS_MOVE = YES;
				CLANG_WARN_UNGUARDED_AVAILABILITY = YES_AGGRESSIVE;
				CLANG_WARN_UNREACHABLE_CODE = YES;
				CLANG_WARN__DUPLICATE_METHOD_MATCH = YES;
				COPY_PHASE_STRIP = NO;
				DEBUG_INFORMATION_FORMAT = dwarf;
				ENABLE_STRICT_OBJC_MSGSEND = YES;
				ENABLE_TESTABILITY = YES;
				GCC_C_LANGUAGE_STANDARD = gnu11;
				GCC_DYNAMIC_NO_PIC = NO;
				GCC_NO_COMMON_BLOCKS = YES;
				GCC_OPTIMIZATION_LEVEL = 0;
				GCC_PREPROCESSOR_DEFINITIONS = (
					"DEBUG=1",
					"$(inherited)",
				);
				GCC_WARN_64_TO_32_BIT_CONVERSION = YES;
				GCC_WARN_ABOUT_RETURN_TYPE = YES_ERROR;
				GCC_WARN_UNDECLARED_SELECTOR = YES;
				GCC_WARN_UNINITIALIZED_AUTOS = YES_AGGRESSIVE;
				GCC_WARN_UNUSED_FUNCTION = YES;
				GCC_WARN_UNUSED_VARIABLE = YES;
				IPHONEOS_DEPLOYMENT_TARGET = 14.4;
				MTL_ENABLE_DEBUG_INFO = INCLUDE_SOURCE;
				MTL_FAST_MATH = YES;
				ONLY_ACTIVE_ARCH = YES;
				SDKROOT = iphoneos;
				SWIFT_ACTIVE_COMPILATION_CONDITIONS = DEBUG;
				SWIFT_OPTIMIZATION_LEVEL = "-Onone";
			};
			name = Debug;
		};
		200BDBF5264A6C5300CABD52 /* Release */ = {
			isa = XCBuildConfiguration;
			buildSettings = {
				ALWAYS_SEARCH_USER_PATHS = NO;
				CLANG_ANALYZER_NONNULL = YES;
				CLANG_ANALYZER_NUMBER_OBJECT_CONVERSION = YES_AGGRESSIVE;
				CLANG_CXX_LANGUAGE_STANDARD = "gnu++14";
				CLANG_CXX_LIBRARY = "libc++";
				CLANG_ENABLE_MODULES = YES;
				CLANG_ENABLE_OBJC_ARC = YES;
				CLANG_ENABLE_OBJC_WEAK = YES;
				CLANG_WARN_BLOCK_CAPTURE_AUTORELEASING = YES;
				CLANG_WARN_BOOL_CONVERSION = YES;
				CLANG_WARN_COMMA = YES;
				CLANG_WARN_CONSTANT_CONVERSION = YES;
				CLANG_WARN_DEPRECATED_OBJC_IMPLEMENTATIONS = YES;
				CLANG_WARN_DIRECT_OBJC_ISA_USAGE = YES_ERROR;
				CLANG_WARN_DOCUMENTATION_COMMENTS = YES;
				CLANG_WARN_EMPTY_BODY = YES;
				CLANG_WARN_ENUM_CONVERSION = YES;
				CLANG_WARN_INFINITE_RECURSION = YES;
				CLANG_WARN_INT_CONVERSION = YES;
				CLANG_WARN_NON_LITERAL_NULL_CONVERSION = YES;
				CLANG_WARN_OBJC_IMPLICIT_RETAIN_SELF = YES;
				CLANG_WARN_OBJC_LITERAL_CONVERSION = YES;
				CLANG_WARN_OBJC_ROOT_CLASS = YES_ERROR;
				CLANG_WARN_QUOTED_INCLUDE_IN_FRAMEWORK_HEADER = YES;
				CLANG_WARN_RANGE_LOOP_ANALYSIS = YES;
				CLANG_WARN_STRICT_PROTOTYPES = YES;
				CLANG_WARN_SUSPICIOUS_MOVE = YES;
				CLANG_WARN_UNGUARDED_AVAILABILITY = YES_AGGRESSIVE;
				CLANG_WARN_UNREACHABLE_CODE = YES;
				CLANG_WARN__DUPLICATE_METHOD_MATCH = YES;
				COPY_PHASE_STRIP = NO;
				DEBUG_INFORMATION_FORMAT = "dwarf-with-dsym";
				ENABLE_NS_ASSERTIONS = NO;
				ENABLE_STRICT_OBJC_MSGSEND = YES;
				GCC_C_LANGUAGE_STANDARD = gnu11;
				GCC_NO_COMMON_BLOCKS = YES;
				GCC_WARN_64_TO_32_BIT_CONVERSION = YES;
				GCC_WARN_ABOUT_RETURN_TYPE = YES_ERROR;
				GCC_WARN_UNDECLARED_SELECTOR = YES;
				GCC_WARN_UNINITIALIZED_AUTOS = YES_AGGRESSIVE;
				GCC_WARN_UNUSED_FUNCTION = YES;
				GCC_WARN_UNUSED_VARIABLE = YES;
				IPHONEOS_DEPLOYMENT_TARGET = 14.4;
				MTL_ENABLE_DEBUG_INFO = NO;
				MTL_FAST_MATH = YES;
				SDKROOT = iphoneos;
				SWIFT_COMPILATION_MODE = wholemodule;
				SWIFT_OPTIMIZATION_LEVEL = "-O";
				VALIDATE_PRODUCT = YES;
			};
			name = Release;
		};
		200BDBF7264A6C5300CABD52 /* Debug */ = {
			isa = XCBuildConfiguration;
			buildSettings = {
				ASSETCATALOG_COMPILER_APPICON_NAME = AppIcon;
				ASSETCATALOG_COMPILER_GLOBAL_ACCENT_COLOR_NAME = AccentColor;
				CODE_SIGN_STYLE = Automatic;
				DEVELOPMENT_TEAM = J87U98TNRQ;
				INFOPLIST_FILE = Chat/Info.plist;
				LD_RUNPATH_SEARCH_PATHS = (
					"$(inherited)",
					"@executable_path/Frameworks",
				);
				PRODUCT_BUNDLE_IDENTIFIER = com.igorNaumov.Chat;
				PRODUCT_NAME = "$(TARGET_NAME)";
				SWIFT_VERSION = 5.0;
				TARGETED_DEVICE_FAMILY = "1,2";
			};
			name = Debug;
		};
		200BDBF8264A6C5300CABD52 /* Release */ = {
			isa = XCBuildConfiguration;
			buildSettings = {
				ASSETCATALOG_COMPILER_APPICON_NAME = AppIcon;
				ASSETCATALOG_COMPILER_GLOBAL_ACCENT_COLOR_NAME = AccentColor;
				CODE_SIGN_STYLE = Automatic;
				DEVELOPMENT_TEAM = J87U98TNRQ;
				INFOPLIST_FILE = Chat/Info.plist;
				LD_RUNPATH_SEARCH_PATHS = (
					"$(inherited)",
					"@executable_path/Frameworks",
				);
				PRODUCT_BUNDLE_IDENTIFIER = com.igorNaumov.Chat;
				PRODUCT_NAME = "$(TARGET_NAME)";
				SWIFT_VERSION = 5.0;
				TARGETED_DEVICE_FAMILY = "1,2";
			};
			name = Release;
		};
/* End XCBuildConfiguration section */

/* Begin XCConfigurationList section */
		200BDBDD264A6C5300CABD52 /* Build configuration list for PBXProject "Chat" */ = {
			isa = XCConfigurationList;
			buildConfigurations = (
				200BDBF4264A6C5300CABD52 /* Debug */,
				200BDBF5264A6C5300CABD52 /* Release */,
			);
			defaultConfigurationIsVisible = 0;
			defaultConfigurationName = Release;
		};
		200BDBF6264A6C5300CABD52 /* Build configuration list for PBXNativeTarget "Chat" */ = {
			isa = XCConfigurationList;
			buildConfigurations = (
				200BDBF7264A6C5300CABD52 /* Debug */,
				200BDBF8264A6C5300CABD52 /* Release */,
			);
			defaultConfigurationIsVisible = 0;
			defaultConfigurationName = Release;
		};
/* End XCConfigurationList section */
	};
	rootObject = 200BDBDA264A6C5300CABD52 /* Project object */;
}
